// !$*UTF8*$!
{
	archiveVersion = 1;
	classes = {
	};
	objectVersion = 56;
	objects = {

/* Begin PBXBuildFile section */
		A79ACA0E2B64C7E1007EE88A /* Menu.swift in Sources */ = {isa = PBXBuildFile; fileRef = A79ACA0D2B64C7E1007EE88A /* Menu.swift */; };
		A7C996232B648D6300256A00 /* nlp_terminal_frontendApp.swift in Sources */ = {isa = PBXBuildFile; fileRef = A7C996222B648D6300256A00 /* nlp_terminal_frontendApp.swift */; };
		A7C996252B648D6300256A00 /* ContentView.swift in Sources */ = {isa = PBXBuildFile; fileRef = A7C996242B648D6300256A00 /* ContentView.swift */; };
		A7C996272B648D6600256A00 /* Assets.xcassets in Resources */ = {isa = PBXBuildFile; fileRef = A7C996262B648D6600256A00 /* Assets.xcassets */; };
		A7C9962A2B648D6600256A00 /* Preview Assets.xcassets in Resources */ = {isa = PBXBuildFile; fileRef = A7C996292B648D6600256A00 /* Preview Assets.xcassets */; };
		A7C996352B648D6600256A00 /* nlp_terminal_frontendTests.swift in Sources */ = {isa = PBXBuildFile; fileRef = A7C996342B648D6600256A00 /* nlp_terminal_frontendTests.swift */; };
		A7C9963F2B648D6600256A00 /* nlp_terminal_frontendUITests.swift in Sources */ = {isa = PBXBuildFile; fileRef = A7C9963E2B648D6600256A00 /* nlp_terminal_frontendUITests.swift */; };
		A7C996412B648D6600256A00 /* nlp_terminal_frontendUITestsLaunchTests.swift in Sources */ = {isa = PBXBuildFile; fileRef = A7C996402B648D6600256A00 /* nlp_terminal_frontendUITestsLaunchTests.swift */; };
/* End PBXBuildFile section */

/* Begin PBXContainerItemProxy section */
		A7C996312B648D6600256A00 /* PBXContainerItemProxy */ = {
			isa = PBXContainerItemProxy;
			containerPortal = A7C996172B648D6300256A00 /* Project object */;
			proxyType = 1;
			remoteGlobalIDString = A7C9961E2B648D6300256A00;
			remoteInfo = "nlp-terminal-frontend";
		};
		A7C9963B2B648D6600256A00 /* PBXContainerItemProxy */ = {
			isa = PBXContainerItemProxy;
			containerPortal = A7C996172B648D6300256A00 /* Project object */;
			proxyType = 1;
			remoteGlobalIDString = A7C9961E2B648D6300256A00;
			remoteInfo = "nlp-terminal-frontend";
		};
/* End PBXContainerItemProxy section */

/* Begin PBXFileReference section */
		A79ACA0D2B64C7E1007EE88A /* Menu.swift */ = {isa = PBXFileReference; lastKnownFileType = sourcecode.swift; path = Menu.swift; sourceTree = "<group>"; };
		A7C9961F2B648D6300256A00 /* frontend.app */ = {isa = PBXFileReference; explicitFileType = wrapper.application; includeInIndex = 0; path = frontend.app; sourceTree = BUILT_PRODUCTS_DIR; };
		A7C996222B648D6300256A00 /* nlp_terminal_frontendApp.swift */ = {isa = PBXFileReference; lastKnownFileType = sourcecode.swift; path = nlp_terminal_frontendApp.swift; sourceTree = "<group>"; };
		A7C996242B648D6300256A00 /* ContentView.swift */ = {isa = PBXFileReference; lastKnownFileType = sourcecode.swift; path = ContentView.swift; sourceTree = "<group>"; };
		A7C996262B648D6600256A00 /* Assets.xcassets */ = {isa = PBXFileReference; lastKnownFileType = folder.assetcatalog; path = Assets.xcassets; sourceTree = "<group>"; };
		A7C996292B648D6600256A00 /* Preview Assets.xcassets */ = {isa = PBXFileReference; lastKnownFileType = folder.assetcatalog; path = "Preview Assets.xcassets"; sourceTree = "<group>"; };
		A7C9962B2B648D6600256A00 /* nlp_terminal_frontend.entitlements */ = {isa = PBXFileReference; lastKnownFileType = text.plist.entitlements; path = nlp_terminal_frontend.entitlements; sourceTree = "<group>"; };
		A7C996302B648D6600256A00 /* frontendTests.xctest */ = {isa = PBXFileReference; explicitFileType = wrapper.cfbundle; includeInIndex = 0; path = frontendTests.xctest; sourceTree = BUILT_PRODUCTS_DIR; };
		A7C996342B648D6600256A00 /* nlp_terminal_frontendTests.swift */ = {isa = PBXFileReference; lastKnownFileType = sourcecode.swift; path = nlp_terminal_frontendTests.swift; sourceTree = "<group>"; };
		A7C9963A2B648D6600256A00 /* frontendUITests.xctest */ = {isa = PBXFileReference; explicitFileType = wrapper.cfbundle; includeInIndex = 0; path = frontendUITests.xctest; sourceTree = BUILT_PRODUCTS_DIR; };
		A7C9963E2B648D6600256A00 /* nlp_terminal_frontendUITests.swift */ = {isa = PBXFileReference; lastKnownFileType = sourcecode.swift; path = nlp_terminal_frontendUITests.swift; sourceTree = "<group>"; };
		A7C996402B648D6600256A00 /* nlp_terminal_frontendUITestsLaunchTests.swift */ = {isa = PBXFileReference; lastKnownFileType = sourcecode.swift; path = nlp_terminal_frontendUITestsLaunchTests.swift; sourceTree = "<group>"; };
/* End PBXFileReference section */

/* Begin PBXFrameworksBuildPhase section */
		A7C9961C2B648D6300256A00 /* Frameworks */ = {
			isa = PBXFrameworksBuildPhase;
			buildActionMask = 2147483647;
			files = (
			);
			runOnlyForDeploymentPostprocessing = 0;
		};
		A7C9962D2B648D6600256A00 /* Frameworks */ = {
			isa = PBXFrameworksBuildPhase;
			buildActionMask = 2147483647;
			files = (
			);
			runOnlyForDeploymentPostprocessing = 0;
		};
		A7C996372B648D6600256A00 /* Frameworks */ = {
			isa = PBXFrameworksBuildPhase;
			buildActionMask = 2147483647;
			files = (
			);
			runOnlyForDeploymentPostprocessing = 0;
		};
/* End PBXFrameworksBuildPhase section */

/* Begin PBXGroup section */
		A7C996162B648D6300256A00 = {
			isa = PBXGroup;
			children = (
				A7C996212B648D6300256A00 /* frontend */,
				A7C996332B648D6600256A00 /* nlp-terminal-frontendTests */,
				A7C9963D2B648D6600256A00 /* nlp-terminal-frontendUITests */,
				A7C996202B648D6300256A00 /* Products */,
			);
			sourceTree = "<group>";
		};
		A7C996202B648D6300256A00 /* Products */ = {
			isa = PBXGroup;
			children = (
				A7C9961F2B648D6300256A00 /* frontend.app */,
				A7C996302B648D6600256A00 /* frontendTests.xctest */,
				A7C9963A2B648D6600256A00 /* frontendUITests.xctest */,
			);
			name = Products;
			sourceTree = "<group>";
		};
		A7C996212B648D6300256A00 /* frontend */ = {
			isa = PBXGroup;
			children = (
				A7C996222B648D6300256A00 /* nlp_terminal_frontendApp.swift */,
				A7C996242B648D6300256A00 /* ContentView.swift */,
				A7C996262B648D6600256A00 /* Assets.xcassets */,
				A7C9962B2B648D6600256A00 /* nlp_terminal_frontend.entitlements */,
				A7C996282B648D6600256A00 /* Preview Content */,
				A79ACA0D2B64C7E1007EE88A /* Menu.swift */,
			);
			path = frontend;
			sourceTree = "<group>";
		};
		A7C996282B648D6600256A00 /* Preview Content */ = {
			isa = PBXGroup;
			children = (
				A7C996292B648D6600256A00 /* Preview Assets.xcassets */,
			);
			path = "Preview Content";
			sourceTree = "<group>";
		};
		A7C996332B648D6600256A00 /* nlp-terminal-frontendTests */ = {
			isa = PBXGroup;
			children = (
				A7C996342B648D6600256A00 /* nlp_terminal_frontendTests.swift */,
			);
			path = "nlp-terminal-frontendTests";
			sourceTree = "<group>";
		};
		A7C9963D2B648D6600256A00 /* nlp-terminal-frontendUITests */ = {
			isa = PBXGroup;
			children = (
				A7C9963E2B648D6600256A00 /* nlp_terminal_frontendUITests.swift */,
				A7C996402B648D6600256A00 /* nlp_terminal_frontendUITestsLaunchTests.swift */,
			);
			path = "nlp-terminal-frontendUITests";
			sourceTree = "<group>";
		};
/* End PBXGroup section */

/* Begin PBXNativeTarget section */
		A7C9961E2B648D6300256A00 /* frontend */ = {
			isa = PBXNativeTarget;
			buildConfigurationList = A7C996442B648D6600256A00 /* Build configuration list for PBXNativeTarget "frontend" */;
			buildPhases = (
				A7C9961B2B648D6300256A00 /* Sources */,
				A7C9961C2B648D6300256A00 /* Frameworks */,
				A7C9961D2B648D6300256A00 /* Resources */,
			);
			buildRules = (
			);
			dependencies = (
			);
			name = frontend;
			productName = "nlp-terminal-frontend";
			productReference = A7C9961F2B648D6300256A00 /* frontend.app */;
			productType = "com.apple.product-type.application";
		};
		A7C9962F2B648D6600256A00 /* frontendTests */ = {
			isa = PBXNativeTarget;
			buildConfigurationList = A7C996472B648D6600256A00 /* Build configuration list for PBXNativeTarget "frontendTests" */;
			buildPhases = (
				A7C9962C2B648D6600256A00 /* Sources */,
				A7C9962D2B648D6600256A00 /* Frameworks */,
				A7C9962E2B648D6600256A00 /* Resources */,
			);
			buildRules = (
			);
			dependencies = (
				A7C996322B648D6600256A00 /* PBXTargetDependency */,
			);
			name = frontendTests;
			productName = "nlp-terminal-frontendTests";
			productReference = A7C996302B648D6600256A00 /* frontendTests.xctest */;
			productType = "com.apple.product-type.bundle.unit-test";
		};
		A7C996392B648D6600256A00 /* frontendUITests */ = {
			isa = PBXNativeTarget;
			buildConfigurationList = A7C9964A2B648D6600256A00 /* Build configuration list for PBXNativeTarget "frontendUITests" */;
			buildPhases = (
				A7C996362B648D6600256A00 /* Sources */,
				A7C996372B648D6600256A00 /* Frameworks */,
				A7C996382B648D6600256A00 /* Resources */,
			);
			buildRules = (
			);
			dependencies = (
				A7C9963C2B648D6600256A00 /* PBXTargetDependency */,
			);
			name = frontendUITests;
			productName = "nlp-terminal-frontendUITests";
			productReference = A7C9963A2B648D6600256A00 /* frontendUITests.xctest */;
			productType = "com.apple.product-type.bundle.ui-testing";
		};
/* End PBXNativeTarget section */

/* Begin PBXProject section */
		A7C996172B648D6300256A00 /* Project object */ = {
			isa = PBXProject;
			attributes = {
				BuildIndependentTargetsInParallel = 1;
				LastSwiftUpdateCheck = 1520;
				LastUpgradeCheck = 1520;
				TargetAttributes = {
					A7C9961E2B648D6300256A00 = {
						CreatedOnToolsVersion = 15.2;
					};
					A7C9962F2B648D6600256A00 = {
						CreatedOnToolsVersion = 15.2;
						TestTargetID = A7C9961E2B648D6300256A00;
					};
					A7C996392B648D6600256A00 = {
						CreatedOnToolsVersion = 15.2;
						TestTargetID = A7C9961E2B648D6300256A00;
					};
				};
			};
			buildConfigurationList = A7C9961A2B648D6300256A00 /* Build configuration list for PBXProject "frontend" */;
			compatibilityVersion = "Xcode 14.0";
			developmentRegion = en;
			hasScannedForEncodings = 0;
			knownRegions = (
				en,
				Base,
			);
			mainGroup = A7C996162B648D6300256A00;
			productRefGroup = A7C996202B648D6300256A00 /* Products */;
			projectDirPath = "";
			projectRoot = "";
			targets = (
				A7C9961E2B648D6300256A00 /* frontend */,
				A7C9962F2B648D6600256A00 /* frontendTests */,
				A7C996392B648D6600256A00 /* frontendUITests */,
			);
		};
/* End PBXProject section */

/* Begin PBXResourcesBuildPhase section */
		A7C9961D2B648D6300256A00 /* Resources */ = {
			isa = PBXResourcesBuildPhase;
			buildActionMask = 2147483647;
			files = (
				A7C9962A2B648D6600256A00 /* Preview Assets.xcassets in Resources */,
				A7C996272B648D6600256A00 /* Assets.xcassets in Resources */,
			);
			runOnlyForDeploymentPostprocessing = 0;
		};
		A7C9962E2B648D6600256A00 /* Resources */ = {
			isa = PBXResourcesBuildPhase;
			buildActionMask = 2147483647;
			files = (
			);
			runOnlyForDeploymentPostprocessing = 0;
		};
		A7C996382B648D6600256A00 /* Resources */ = {
			isa = PBXResourcesBuildPhase;
			buildActionMask = 2147483647;
			files = (
			);
			runOnlyForDeploymentPostprocessing = 0;
		};
/* End PBXResourcesBuildPhase section */

/* Begin PBXSourcesBuildPhase section */
		A7C9961B2B648D6300256A00 /* Sources */ = {
			isa = PBXSourcesBuildPhase;
			buildActionMask = 2147483647;
			files = (
				A79ACA0E2B64C7E1007EE88A /* Menu.swift in Sources */,
				A7C996252B648D6300256A00 /* ContentView.swift in Sources */,
				A7C996232B648D6300256A00 /* nlp_terminal_frontendApp.swift in Sources */,
			);
			runOnlyForDeploymentPostprocessing = 0;
		};
		A7C9962C2B648D6600256A00 /* Sources */ = {
			isa = PBXSourcesBuildPhase;
			buildActionMask = 2147483647;
			files = (
				A7C996352B648D6600256A00 /* nlp_terminal_frontendTests.swift in Sources */,
			);
			runOnlyForDeploymentPostprocessing = 0;
		};
		A7C996362B648D6600256A00 /* Sources */ = {
			isa = PBXSourcesBuildPhase;
			buildActionMask = 2147483647;
			files = (
				A7C9963F2B648D6600256A00 /* nlp_terminal_frontendUITests.swift in Sources */,
				A7C996412B648D6600256A00 /* nlp_terminal_frontendUITestsLaunchTests.swift in Sources */,
			);
			runOnlyForDeploymentPostprocessing = 0;
		};
/* End PBXSourcesBuildPhase section */

/* Begin PBXTargetDependency section */
		A7C996322B648D6600256A00 /* PBXTargetDependency */ = {
			isa = PBXTargetDependency;
			target = A7C9961E2B648D6300256A00 /* frontend */;
			targetProxy = A7C996312B648D6600256A00 /* PBXContainerItemProxy */;
		};
		A7C9963C2B648D6600256A00 /* PBXTargetDependency */ = {
			isa = PBXTargetDependency;
			target = A7C9961E2B648D6300256A00 /* frontend */;
			targetProxy = A7C9963B2B648D6600256A00 /* PBXContainerItemProxy */;
		};
/* End PBXTargetDependency section */

/* Begin XCBuildConfiguration section */
		A7C996422B648D6600256A00 /* Debug */ = {
			isa = XCBuildConfiguration;
			buildSettings = {
				ALWAYS_SEARCH_USER_PATHS = NO;
				ASSETCATALOG_COMPILER_GENERATE_SWIFT_ASSET_SYMBOL_EXTENSIONS = YES;
				CLANG_ANALYZER_NONNULL = YES;
				CLANG_ANALYZER_NUMBER_OBJECT_CONVERSION = YES_AGGRESSIVE;
				CLANG_CXX_LANGUAGE_STANDARD = "gnu++20";
				CLANG_ENABLE_MODULES = YES;
				CLANG_ENABLE_OBJC_ARC = YES;
				CLANG_ENABLE_OBJC_WEAK = YES;
				CLANG_WARN_BLOCK_CAPTURE_AUTORELEASING = YES;
				CLANG_WARN_BOOL_CONVERSION = YES;
				CLANG_WARN_COMMA = YES;
				CLANG_WARN_CONSTANT_CONVERSION = YES;
				CLANG_WARN_DEPRECATED_OBJC_IMPLEMENTATIONS = YES;
				CLANG_WARN_DIRECT_OBJC_ISA_USAGE = YES_ERROR;
				CLANG_WARN_DOCUMENTATION_COMMENTS = YES;
				CLANG_WARN_EMPTY_BODY = YES;
				CLANG_WARN_ENUM_CONVERSION = YES;
				CLANG_WARN_INFINITE_RECURSION = YES;
				CLANG_WARN_INT_CONVERSION = YES;
				CLANG_WARN_NON_LITERAL_NULL_CONVERSION = YES;
				CLANG_WARN_OBJC_IMPLICIT_RETAIN_SELF = YES;
				CLANG_WARN_OBJC_LITERAL_CONVERSION = YES;
				CLANG_WARN_OBJC_ROOT_CLASS = YES_ERROR;
				CLANG_WARN_QUOTED_INCLUDE_IN_FRAMEWORK_HEADER = YES;
				CLANG_WARN_RANGE_LOOP_ANALYSIS = YES;
				CLANG_WARN_STRICT_PROTOTYPES = YES;
				CLANG_WARN_SUSPICIOUS_MOVE = YES;
				CLANG_WARN_UNGUARDED_AVAILABILITY = YES_AGGRESSIVE;
				CLANG_WARN_UNREACHABLE_CODE = YES;
				CLANG_WARN__DUPLICATE_METHOD_MATCH = YES;
				COPY_PHASE_STRIP = NO;
				DEBUG_INFORMATION_FORMAT = dwarf;
				ENABLE_STRICT_OBJC_MSGSEND = YES;
				ENABLE_TESTABILITY = YES;
				ENABLE_USER_SCRIPT_SANDBOXING = YES;
				GCC_C_LANGUAGE_STANDARD = gnu17;
				GCC_DYNAMIC_NO_PIC = NO;
				GCC_NO_COMMON_BLOCKS = YES;
				GCC_OPTIMIZATION_LEVEL = 0;
				GCC_PREPROCESSOR_DEFINITIONS = (
					"DEBUG=1",
					"$(inherited)",
				);
				GCC_WARN_64_TO_32_BIT_CONVERSION = YES;
				GCC_WARN_ABOUT_RETURN_TYPE = YES_ERROR;
				GCC_WARN_UNDECLARED_SELECTOR = YES;
				GCC_WARN_UNINITIALIZED_AUTOS = YES_AGGRESSIVE;
				GCC_WARN_UNUSED_FUNCTION = YES;
				GCC_WARN_UNUSED_VARIABLE = YES;
				LOCALIZATION_PREFERS_STRING_CATALOGS = YES;
				MACOSX_DEPLOYMENT_TARGET = 14.2;
				MTL_ENABLE_DEBUG_INFO = INCLUDE_SOURCE;
				MTL_FAST_MATH = YES;
				ONLY_ACTIVE_ARCH = YES;
				SDKROOT = macosx;
				SWIFT_ACTIVE_COMPILATION_CONDITIONS = "DEBUG $(inherited)";
				SWIFT_OPTIMIZATION_LEVEL = "-Onone";
			};
			name = Debug;
		};
		A7C996432B648D6600256A00 /* Release */ = {
			isa = XCBuildConfiguration;
			buildSettings = {
				ALWAYS_SEARCH_USER_PATHS = NO;
				ASSETCATALOG_COMPILER_GENERATE_SWIFT_ASSET_SYMBOL_EXTENSIONS = YES;
				CLANG_ANALYZER_NONNULL = YES;
				CLANG_ANALYZER_NUMBER_OBJECT_CONVERSION = YES_AGGRESSIVE;
				CLANG_CXX_LANGUAGE_STANDARD = "gnu++20";
				CLANG_ENABLE_MODULES = YES;
				CLANG_ENABLE_OBJC_ARC = YES;
				CLANG_ENABLE_OBJC_WEAK = YES;
				CLANG_WARN_BLOCK_CAPTURE_AUTORELEASING = YES;
				CLANG_WARN_BOOL_CONVERSION = YES;
				CLANG_WARN_COMMA = YES;
				CLANG_WARN_CONSTANT_CONVERSION = YES;
				CLANG_WARN_DEPRECATED_OBJC_IMPLEMENTATIONS = YES;
				CLANG_WARN_DIRECT_OBJC_ISA_USAGE = YES_ERROR;
				CLANG_WARN_DOCUMENTATION_COMMENTS = YES;
				CLANG_WARN_EMPTY_BODY = YES;
				CLANG_WARN_ENUM_CONVERSION = YES;
				CLANG_WARN_INFINITE_RECURSION = YES;
				CLANG_WARN_INT_CONVERSION = YES;
				CLANG_WARN_NON_LITERAL_NULL_CONVERSION = YES;
				CLANG_WARN_OBJC_IMPLICIT_RETAIN_SELF = YES;
				CLANG_WARN_OBJC_LITERAL_CONVERSION = YES;
				CLANG_WARN_OBJC_ROOT_CLASS = YES_ERROR;
				CLANG_WARN_QUOTED_INCLUDE_IN_FRAMEWORK_HEADER = YES;
				CLANG_WARN_RANGE_LOOP_ANALYSIS = YES;
				CLANG_WARN_STRICT_PROTOTYPES = YES;
				CLANG_WARN_SUSPICIOUS_MOVE = YES;
				CLANG_WARN_UNGUARDED_AVAILABILITY = YES_AGGRESSIVE;
				CLANG_WARN_UNREACHABLE_CODE = YES;
				CLANG_WARN__DUPLICATE_METHOD_MATCH = YES;
				COPY_PHASE_STRIP = NO;
				DEBUG_INFORMATION_FORMAT = "dwarf-with-dsym";
				ENABLE_NS_ASSERTIONS = NO;
				ENABLE_STRICT_OBJC_MSGSEND = YES;
				ENABLE_USER_SCRIPT_SANDBOXING = YES;
				GCC_C_LANGUAGE_STANDARD = gnu17;
				GCC_NO_COMMON_BLOCKS = YES;
				GCC_WARN_64_TO_32_BIT_CONVERSION = YES;
				GCC_WARN_ABOUT_RETURN_TYPE = YES_ERROR;
				GCC_WARN_UNDECLARED_SELECTOR = YES;
				GCC_WARN_UNINITIALIZED_AUTOS = YES_AGGRESSIVE;
				GCC_WARN_UNUSED_FUNCTION = YES;
				GCC_WARN_UNUSED_VARIABLE = YES;
				LOCALIZATION_PREFERS_STRING_CATALOGS = YES;
				MACOSX_DEPLOYMENT_TARGET = 14.2;
				MTL_ENABLE_DEBUG_INFO = NO;
				MTL_FAST_MATH = YES;
				SDKROOT = macosx;
				SWIFT_COMPILATION_MODE = wholemodule;
			};
			name = Release;
		};
		A7C996452B648D6600256A00 /* Debug */ = {
			isa = XCBuildConfiguration;
			buildSettings = {
				ASSETCATALOG_COMPILER_APPICON_NAME = AppIcon;
				ASSETCATALOG_COMPILER_GLOBAL_ACCENT_COLOR_NAME = AccentColor;
				CODE_SIGN_ENTITLEMENTS = "nlp-terminal-frontend/nlp_terminal_frontend.entitlements";
				CODE_SIGN_STYLE = Automatic;
				COMBINE_HIDPI_IMAGES = YES;
				CURRENT_PROJECT_VERSION = 1;
				DEVELOPMENT_ASSET_PATHS = "\"nlp-terminal-frontend/Preview Content\"";
				DEVELOPMENT_TEAM = TZS7AFAMVJ;
				ENABLE_HARDENED_RUNTIME = YES;
				ENABLE_PREVIEWS = YES;
				GENERATE_INFOPLIST_FILE = YES;
				INFOPLIST_KEY_NSHumanReadableCopyright = "";
				LD_RUNPATH_SEARCH_PATHS = (
					"$(inherited)",
					"@executable_path/../Frameworks",
				);
				MARKETING_VERSION = 1.0;
				PRODUCT_BUNDLE_IDENTIFIER = "ach.nlp-terminal-frontend";
				PRODUCT_NAME = "$(TARGET_NAME)";
				SWIFT_EMIT_LOC_STRINGS = YES;
				SWIFT_VERSION = 5.0;
			};
			name = Debug;
		};
		A7C996462B648D6600256A00 /* Release */ = {
			isa = XCBuildConfiguration;
			buildSettings = {
				ASSETCATALOG_COMPILER_APPICON_NAME = AppIcon;
				ASSETCATALOG_COMPILER_GLOBAL_ACCENT_COLOR_NAME = AccentColor;
				CODE_SIGN_ENTITLEMENTS = "nlp-terminal-frontend/nlp_terminal_frontend.entitlements";
				CODE_SIGN_STYLE = Automatic;
				COMBINE_HIDPI_IMAGES = YES;
				CURRENT_PROJECT_VERSION = 1;
				DEVELOPMENT_ASSET_PATHS = "\"nlp-terminal-frontend/Preview Content\"";
				DEVELOPMENT_TEAM = TZS7AFAMVJ;
				ENABLE_HARDENED_RUNTIME = YES;
				ENABLE_PREVIEWS = YES;
				GENERATE_INFOPLIST_FILE = YES;
				INFOPLIST_KEY_NSHumanReadableCopyright = "";
				LD_RUNPATH_SEARCH_PATHS = (
					"$(inherited)",
					"@executable_path/../Frameworks",
				);
				MARKETING_VERSION = 1.0;
				PRODUCT_BUNDLE_IDENTIFIER = "ach.nlp-terminal-frontend";
				PRODUCT_NAME = "$(TARGET_NAME)";
				SWIFT_EMIT_LOC_STRINGS = YES;
				SWIFT_VERSION = 5.0;
			};
			name = Release;
		};
		A7C996482B648D6600256A00 /* Debug */ = {
			isa = XCBuildConfiguration;
			buildSettings = {
				ALWAYS_EMBED_SWIFT_STANDARD_LIBRARIES = YES;
				BUNDLE_LOADER = "$(TEST_HOST)";
				CODE_SIGN_STYLE = Automatic;
				CURRENT_PROJECT_VERSION = 1;
				DEVELOPMENT_TEAM = TZS7AFAMVJ;
				GENERATE_INFOPLIST_FILE = YES;
				MACOSX_DEPLOYMENT_TARGET = 14.2;
				MARKETING_VERSION = 1.0;
				PRODUCT_BUNDLE_IDENTIFIER = "ach.nlp-terminal-frontendTests";
				PRODUCT_NAME = "$(TARGET_NAME)";
				SWIFT_EMIT_LOC_STRINGS = NO;
				SWIFT_VERSION = 5.0;
				TEST_HOST = "$(BUILT_PRODUCTS_DIR)/frontend.app/$(BUNDLE_EXECUTABLE_FOLDER_PATH)/frontend";
			};
			name = Debug;
		};
		A7C996492B648D6600256A00 /* Release */ = {
			isa = XCBuildConfiguration;
			buildSettings = {
				ALWAYS_EMBED_SWIFT_STANDARD_LIBRARIES = YES;
				BUNDLE_LOADER = "$(TEST_HOST)";
				CODE_SIGN_STYLE = Automatic;
				CURRENT_PROJECT_VERSION = 1;
				DEVELOPMENT_TEAM = TZS7AFAMVJ;
				GENERATE_INFOPLIST_FILE = YES;
				MACOSX_DEPLOYMENT_TARGET = 14.2;
				MARKETING_VERSION = 1.0;
				PRODUCT_BUNDLE_IDENTIFIER = "ach.nlp-terminal-frontendTests";
				PRODUCT_NAME = "$(TARGET_NAME)";
				SWIFT_EMIT_LOC_STRINGS = NO;
				SWIFT_VERSION = 5.0;
				TEST_HOST = "$(BUILT_PRODUCTS_DIR)/frontend.app/$(BUNDLE_EXECUTABLE_FOLDER_PATH)/frontend";
			};
			name = Release;
		};
		A7C9964B2B648D6600256A00 /* Debug */ = {
			isa = XCBuildConfiguration;
			buildSettings = {
				ALWAYS_EMBED_SWIFT_STANDARD_LIBRARIES = YES;
				CODE_SIGN_STYLE = Automatic;
				CURRENT_PROJECT_VERSION = 1;
				DEVELOPMENT_TEAM = TZS7AFAMVJ;
				GENERATE_INFOPLIST_FILE = YES;
				MARKETING_VERSION = 1.0;
				PRODUCT_BUNDLE_IDENTIFIER = "ach.nlp-terminal-frontendUITests";
				PRODUCT_NAME = "$(TARGET_NAME)";
				SWIFT_EMIT_LOC_STRINGS = NO;
				SWIFT_VERSION = 5.0;
				TEST_TARGET_NAME = "nlp-terminal-frontend";
			};
			name = Debug;
		};
		A7C9964C2B648D6600256A00 /* Release */ = {
			isa = XCBuildConfiguration;
			buildSettings = {
				ALWAYS_EMBED_SWIFT_STANDARD_LIBRARIES = YES;
				CODE_SIGN_STYLE = Automatic;
				CURRENT_PROJECT_VERSION = 1;
				DEVELOPMENT_TEAM = TZS7AFAMVJ;
				GENERATE_INFOPLIST_FILE = YES;
				MARKETING_VERSION = 1.0;
				PRODUCT_BUNDLE_IDENTIFIER = "ach.nlp-terminal-frontendUITests";
				PRODUCT_NAME = "$(TARGET_NAME)";
				SWIFT_EMIT_LOC_STRINGS = NO;
				SWIFT_VERSION = 5.0;
				TEST_TARGET_NAME = "nlp-terminal-frontend";
			};
			name = Release;
		};
/* End XCBuildConfiguration section */

/* Begin XCConfigurationList section */
		A7C9961A2B648D6300256A00 /* Build configuration list for PBXProject "frontend" */ = {
			isa = XCConfigurationList;
			buildConfigurations = (
				A7C996422B648D6600256A00 /* Debug */,
				A7C996432B648D6600256A00 /* Release */,
			);
			defaultConfigurationIsVisible = 0;
			defaultConfigurationName = Release;
		};
		A7C996442B648D6600256A00 /* Build configuration list for PBXNativeTarget "frontend" */ = {
			isa = XCConfigurationList;
			buildConfigurations = (
				A7C996452B648D6600256A00 /* Debug */,
				A7C996462B648D6600256A00 /* Release */,
			);
			defaultConfigurationIsVisible = 0;
			defaultConfigurationName = Release;
		};
		A7C996472B648D6600256A00 /* Build configuration list for PBXNativeTarget "frontendTests" */ = {
			isa = XCConfigurationList;
			buildConfigurations = (
				A7C996482B648D6600256A00 /* Debug */,
				A7C996492B648D6600256A00 /* Release */,
			);
			defaultConfigurationIsVisible = 0;
			defaultConfigurationName = Release;
		};
		A7C9964A2B648D6600256A00 /* Build configuration list for PBXNativeTarget "frontendUITests" */ = {
			isa = XCConfigurationList;
			buildConfigurations = (
				A7C9964B2B648D6600256A00 /* Debug */,
				A7C9964C2B648D6600256A00 /* Release */,
			);
			defaultConfigurationIsVisible = 0;
			defaultConfigurationName = Release;
		};
/* End XCConfigurationList section */
	};
	rootObject = A7C996172B648D6300256A00 /* Project object */;
}
